
Microsoft Visual Studio Solution File, Format Version 12.00
# Visual Studio Version 17
VisualStudioVersion = 17.8.34511.84
MinimumVisualStudioVersion = 10.0.40219.1
Project("{FAE04EC0-301F-11D3-BF4B-00C04F79EFBC}") = "Knowledge.Backend.Application", "Knowledge.Backend.Application\Knowledge.Backend.Application.csproj", "{44FA24EE-6D97-402A-B757-1B2B51CA43BA}"
EndProject
Project("{FAE04EC0-301F-11D3-BF4B-00C04F79EFBC}") = "Knowledge.Backend.Domain", "Knowledge.Backend.Domain\Knowledge.Backend.Domain.csproj", "{1B5BAC96-DFAF-4193-B2B3-04CC4B780CFF}"
EndProject
Project("{FAE04EC0-301F-11D3-BF4B-00C04F79EFBC}") = "Knowledge.Backend.Infra.Data", "Knowledge.Backend.Infra.Data\Knowledge.Backend.Infra.Data.csproj", "{9B7870D0-A0AF-454C-A1BC-21F6D5A4CFF5}"
EndProject
Project("{FAE04EC0-301F-11D3-BF4B-00C04F79EFBC}") = "Knowledge.Backend.Infra.IoC", "Knowledge.Backend.Infra.IoC\Knowledge.Backend.Infra.IoC.csproj", "{523DF8FD-FDC1-4AAE-A96C-6952C19B0ADE}"
EndProject
Project("{FAE04EC0-301F-11D3-BF4B-00C04F79EFBC}") = "Knowledge.Backend.Domain.Testes", "Knowledge.Backend.Domain.Testes\Knowledge.Backend.Domain.Testes.csproj", "{34F70389-5C3B-4674-9EC8-6ABB66F549FC}"
EndProject
Project("{FAE04EC0-301F-11D3-BF4B-00C04F79EFBC}") = "Knowledge.Backend.API", "Knowledge.Backend.API\Knowledge.Backend.API.csproj", "{C097C135-4942-4EA0-8703-A6BFEE6FD185}"
EndProject
Global
	GlobalSection(SolutionConfigurationPlatforms) = preSolution
		Debug|Any CPU = Debug|Any CPU
		Release|Any CPU = Release|Any CPU
	EndGlobalSection
	GlobalSection(ProjectConfigurationPlatforms) = postSolution
		{44FA24EE-6D97-402A-B757-1B2B51CA43BA}.Debug|Any CPU.ActiveCfg = Debug|Any CPU
		{44FA24EE-6D97-402A-B757-1B2B51CA43BA}.Debug|Any CPU.Build.0 = Debug|Any CPU
		{44FA24EE-6D97-402A-B757-1B2B51CA43BA}.Release|Any CPU.ActiveCfg = Release|Any CPU
		{44FA24EE-6D97-402A-B757-1B2B51CA43BA}.Release|Any CPU.Build.0 = Release|Any CPU
		{1B5BAC96-DFAF-4193-B2B3-04CC4B780CFF}.Debug|Any CPU.ActiveCfg = Debug|Any CPU
		{1B5BAC96-DFAF-4193-B2B3-04CC4B780CFF}.Debug|Any CPU.Build.0 = Debug|Any CPU
		{1B5BAC96-DFAF-4193-B2B3-04CC4B780CFF}.Release|Any CPU.ActiveCfg = Release|Any CPU
		{1B5BAC96-DFAF-4193-B2B3-04CC4B780CFF}.Release|Any CPU.Build.0 = Release|Any CPU
		{9B7870D0-A0AF-454C-A1BC-21F6D5A4CFF5}.Debug|Any CPU.ActiveCfg = Debug|Any CPU
		{9B7870D0-A0AF-454C-A1BC-21F6D5A4CFF5}.Debug|Any CPU.Build.0 = Debug|Any CPU
		{9B7870D0-A0AF-454C-A1BC-21F6D5A4CFF5}.Release|Any CPU.ActiveCfg = Release|Any CPU
		{9B7870D0-A0AF-454C-A1BC-21F6D5A4CFF5}.Release|Any CPU.Build.0 = Release|Any CPU
		{523DF8FD-FDC1-4AAE-A96C-6952C19B0ADE}.Debug|Any CPU.ActiveCfg = Debug|Any CPU
		{523DF8FD-FDC1-4AAE-A96C-6952C19B0ADE}.Debug|Any CPU.Build.0 = Debug|Any CPU
		{523DF8FD-FDC1-4AAE-A96C-6952C19B0ADE}.Release|Any CPU.ActiveCfg = Release|Any CPU
		{523DF8FD-FDC1-4AAE-A96C-6952C19B0ADE}.Release|Any CPU.Build.0 = Release|Any CPU
		{34F70389-5C3B-4674-9EC8-6ABB66F549FC}.Debug|Any CPU.ActiveCfg = Debug|Any CPU
		{34F70389-5C3B-4674-9EC8-6ABB66F549FC}.Debug|Any CPU.Build.0 = Debug|Any CPU
		{34F70389-5C3B-4674-9EC8-6ABB66F549FC}.Release|Any CPU.ActiveCfg = Release|Any CPU
		{34F70389-5C3B-4674-9EC8-6ABB66F549FC}.Release|Any CPU.Build.0 = Release|Any CPU
		{C097C135-4942-4EA0-8703-A6BFEE6FD185}.Debug|Any CPU.ActiveCfg = Debug|Any CPU
		{C097C135-4942-4EA0-8703-A6BFEE6FD185}.Debug|Any CPU.Build.0 = Debug|Any CPU
		{C097C135-4942-4EA0-8703-A6BFEE6FD185}.Release|Any CPU.ActiveCfg = Release|Any CPU
		{C097C135-4942-4EA0-8703-A6BFEE6FD185}.Release|Any CPU.Build.0 = Release|Any CPU
	EndGlobalSection
	GlobalSection(SolutionProperties) = preSolution
		HideSolutionNode = FALSE
	EndGlobalSection
	GlobalSection(ExtensibilityGlobals) = postSolution
		SolutionGuid = {1250852B-93AF-42D5-AD12-EC95DA5DF05B}
	EndGlobalSection
EndGlobal
